// !$*UTF8*$!
{
	archiveVersion = 1;
	classes = {
	};
	objectVersion = 46;
	objects = {

/* Begin PBXBuildFile section */
		10316F86452F2FBCAB95DA31 /* Images.xcassets in Resources */ = {isa = PBXBuildFile; fileRef = CB33AC4B689E2E3FC87C7696 /* Images.xcassets */; };
		220570741B12ABB200ADE4B3 /* Nimble.framework in Carthage Copy Files */ = {isa = PBXBuildFile; fileRef = 227DCF1A1B12AA8200BCE33A /* Nimble.framework */; settings = {ATTRIBUTES = (CodeSignOnCopy, RemoveHeadersOnCopy, ); }; };
		220570751B12ABB800ADE4B3 /* Quick.framework in Carthage Copy Files */ = {isa = PBXBuildFile; fileRef = 227DCF1B1B12AA8200BCE33A /* Quick.framework */; settings = {ATTRIBUTES = (CodeSignOnCopy, RemoveHeadersOnCopy, ); }; };
		22116D4F1BA8611100A6FFD3 /* Main.storyboard in Resources */ = {isa = PBXBuildFile; fileRef = AD86D0AEB85DAE73D0513B18 /* Main.storyboard */; settings = {ASSET_TAGS = (); }; };
		221285CD1B097A7E002FA5B5 /* UIfont.swift in Sources */ = {isa = PBXBuildFile; fileRef = 221285CC1B097A7E002FA5B5 /* UIfont.swift */; };
		2215F1E31B06E9CC00505FCD /* RealmCell.swift in Sources */ = {isa = PBXBuildFile; fileRef = 2215F1E21B06E9CC00505FCD /* RealmCell.swift */; };
		225B4ABA1B212C7D00C3C3F7 /* RootViewController.swift in Sources */ = {isa = PBXBuildFile; fileRef = 225B4AB91B212C7D00C3C3F7 /* RootViewController.swift */; };
		225B4ABC1B212D6800C3C3F7 /* ApplicationController.swift in Sources */ = {isa = PBXBuildFile; fileRef = 225B4ABB1B212D6800C3C3F7 /* ApplicationController.swift */; };
		2262D0431B90FBBE00881F3F /* Argo.framework in Frameworks */ = {isa = PBXBuildFile; fileRef = 227DCF121B12AA1A00BCE33A /* Argo.framework */; };
		227DCF171B12AA1A00BCE33A /* Runes.framework in Frameworks */ = {isa = PBXBuildFile; fileRef = 227DCF141B12AA1A00BCE33A /* Runes.framework */; };
		227DCF1C1B12AA8200BCE33A /* Nimble.framework in Frameworks */ = {isa = PBXBuildFile; fileRef = 227DCF1A1B12AA8200BCE33A /* Nimble.framework */; };
		227DCF1D1B12AA8200BCE33A /* Quick.framework in Frameworks */ = {isa = PBXBuildFile; fileRef = 227DCF1B1B12AA8200BCE33A /* Quick.framework */; };
		227DCF1E1B12AA9900BCE33A /* FakeRealmsSearchDelegate.swift in Sources */ = {isa = PBXBuildFile; fileRef = 22BBC1971B0F699900DE700D /* FakeRealmsSearchDelegate.swift */; };
		227DCF1F1B12AA9900BCE33A /* RealmSearchController.swift in Sources */ = {isa = PBXBuildFile; fileRef = 22F5B6F61B096B39008ED648 /* RealmSearchController.swift */; };
		227DCF201B12AA9900BCE33A /* RealmSearchControllerSpec.swift in Sources */ = {isa = PBXBuildFile; fileRef = 22BBC1991B0F69A900DE700D /* RealmSearchControllerSpec.swift */; };
		227DCF221B12AA9900BCE33A /* RealmsSearchDelegate.swift in Sources */ = {isa = PBXBuildFile; fileRef = 22F5B6F01B0964CD008ED648 /* RealmsSearchDelegate.swift */; };
		22A9F9C11B0F6FBA00E3D249 /* UIWindow.swift in Sources */ = {isa = PBXBuildFile; fileRef = 22F5B6E41B08427E008ED648 /* UIWindow.swift */; };
		22A9F9C21B0F6FC800E3D249 /* UIColor.swift in Sources */ = {isa = PBXBuildFile; fileRef = 22F5B6E61B084305008ED648 /* UIColor.swift */; };
		22A9F9C31B0F6FCC00E3D249 /* UIfont.swift in Sources */ = {isa = PBXBuildFile; fileRef = 221285CC1B097A7E002FA5B5 /* UIfont.swift */; };
		22AEDE8C1B2132150010349A /* EmptyState.xib in Resources */ = {isa = PBXBuildFile; fileRef = 22AEDE8B1B2132150010349A /* EmptyState.xib */; };
		22AEDE8E1B2133140010349A /* EmptyStateViewController.swift in Sources */ = {isa = PBXBuildFile; fileRef = 22AEDE8D1B2133140010349A /* EmptyStateViewController.swift */; };
		22AEDE901B2135060010349A /* UIViewController.swift in Sources */ = {isa = PBXBuildFile; fileRef = 22AEDE8F1B2135060010349A /* UIViewController.swift */; };
		22BD75C31B17F6B800AB8E8D /* SVProgressHUD.framework in Frameworks */ = {isa = PBXBuildFile; fileRef = 22BD75C21B17F6B800AB8E8D /* SVProgressHUD.framework */; };
		22C767801BD176B800D62EC6 /* Swish.framework in Frameworks */ = {isa = PBXBuildFile; fileRef = 22C7677F1BD176B800D62EC6 /* Swish.framework */; };
		22C767821BD176D000D62EC6 /* RealmsRequest.swift in Sources */ = {isa = PBXBuildFile; fileRef = 22C767811BD176D000D62EC6 /* RealmsRequest.swift */; settings = {ASSET_TAGS = (); }; };
		22C767841BD1772000D62EC6 /* Result.framework in Frameworks */ = {isa = PBXBuildFile; fileRef = 22C767831BD1772000D62EC6 /* Result.framework */; };
		22E645C31B16B9640023931E /* RealmViewModel.swift in Sources */ = {isa = PBXBuildFile; fileRef = 22E645C21B16B9640023931E /* RealmViewModel.swift */; };
		22E645C71B16BF580023931E /* RealmViewModel.swift in Sources */ = {isa = PBXBuildFile; fileRef = 22E645C21B16B9640023931E /* RealmViewModel.swift */; };
		22E649291B06415000578AFD /* FavoritesViewController.swift in Sources */ = {isa = PBXBuildFile; fileRef = 22E649281B06415000578AFD /* FavoritesViewController.swift */; };
		22EB85001BA7C4D8004F2EE8 /* Realm.swift in Sources */ = {isa = PBXBuildFile; fileRef = 22F5DFBA1AF86043002F37B1 /* Realm.swift */; settings = {ASSET_TAGS = (); }; };
		22EB85011BA7C4D8004F2EE8 /* Realm.swift in Sources */ = {isa = PBXBuildFile; fileRef = 22F5DFBA1AF86043002F37B1 /* Realm.swift */; settings = {ASSET_TAGS = (); }; };
		22EB85021BA7C4ED004F2EE8 /* RealmsDelegate.swift in Sources */ = {isa = PBXBuildFile; fileRef = 22A270A51B081D6900C28773 /* RealmsDelegate.swift */; settings = {ASSET_TAGS = (); }; };
		22EB85031BA7C541004F2EE8 /* FavoriteRealmsController.swift in Sources */ = {isa = PBXBuildFile; fileRef = 22542EB51B0828F700145420 /* FavoriteRealmsController.swift */; settings = {ASSET_TAGS = (); }; };
		22EB85041BA7C54D004F2EE8 /* FavoritesManager.swift in Sources */ = {isa = PBXBuildFile; fileRef = 22AFCBD61B10E49900D6DD6B /* FavoritesManager.swift */; settings = {ASSET_TAGS = (); }; };
		22EB85051BA7C556004F2EE8 /* RealmsController.swift in Sources */ = {isa = PBXBuildFile; fileRef = 2215F1E51B081CBB00505FCD /* RealmsController.swift */; settings = {ASSET_TAGS = (); }; };
		22EB85071BA7C568004F2EE8 /* FavoritesList.swift in Sources */ = {isa = PBXBuildFile; fileRef = 229F1DBA1B064C470025CD7B /* FavoritesList.swift */; settings = {ASSET_TAGS = (); }; };
		22EB85081BA7C57C004F2EE8 /* FavoriteRealmsController.swift in Sources */ = {isa = PBXBuildFile; fileRef = 22542EB51B0828F700145420 /* FavoriteRealmsController.swift */; settings = {ASSET_TAGS = (); }; };
		22EB85091BA7C58B004F2EE8 /* FavoritesManager.swift in Sources */ = {isa = PBXBuildFile; fileRef = 22AFCBD61B10E49900D6DD6B /* FavoritesManager.swift */; settings = {ASSET_TAGS = (); }; };
		22EB850A1BA7C593004F2EE8 /* FavoritesList.swift in Sources */ = {isa = PBXBuildFile; fileRef = 229F1DBA1B064C470025CD7B /* FavoritesList.swift */; settings = {ASSET_TAGS = (); }; };
		22F5B6E51B08427E008ED648 /* UIWindow.swift in Sources */ = {isa = PBXBuildFile; fileRef = 22F5B6E41B08427E008ED648 /* UIWindow.swift */; };
		22F5B6E71B084305008ED648 /* UIColor.swift in Sources */ = {isa = PBXBuildFile; fileRef = 22F5B6E61B084305008ED648 /* UIColor.swift */; };
		22F5B6E91B084F65008ED648 /* AppearanceManager.swift in Sources */ = {isa = PBXBuildFile; fileRef = 22F5B6E81B084F65008ED648 /* AppearanceManager.swift */; };
		22F5B6F11B0964CD008ED648 /* RealmsSearchDelegate.swift in Sources */ = {isa = PBXBuildFile; fileRef = 22F5B6F01B0964CD008ED648 /* RealmsSearchDelegate.swift */; };
		22F5B6F71B096B39008ED648 /* RealmSearchController.swift in Sources */ = {isa = PBXBuildFile; fileRef = 22F5B6F61B096B39008ED648 /* RealmSearchController.swift */; };
		22F5DFBF1AF860D9002F37B1 /* RealmsTableViewController.swift in Sources */ = {isa = PBXBuildFile; fileRef = 22F5DFBE1AF860D9002F37B1 /* RealmsTableViewController.swift */; };
		32D45B7D3468CD1A61B9EEF2 /* Foundation.framework in Frameworks */ = {isa = PBXBuildFile; fileRef = CFABA4ED8A5CBB54DC232F79 /* Foundation.framework */; };
		5E9BBDBCCC8573D5B56DFAEC /* Settings.bundle in Resources */ = {isa = PBXBuildFile; fileRef = 4E24E3251A184795B15E78DD /* Settings.bundle */; };
		A048D804A76A8C487E6C4582 /* AppDelegate.swift in Sources */ = {isa = PBXBuildFile; fileRef = F8C64CF0C9C5FEFC69FD22B5 /* AppDelegate.swift */; };
		C750CCFEE2EAB2985A44F9B9 /* LaunchScreen.xib in Sources */ = {isa = PBXBuildFile; fileRef = AA45A1DE3A32AB0568A67266 /* LaunchScreen.xib */; };
/* End PBXBuildFile section */

/* Begin PBXContainerItemProxy section */
		07878A530516F9482F4A1A19 /* PBXContainerItemProxy */ = {
			isa = PBXContainerItemProxy;
			containerPortal = 1B8E929C09B784520C15DCD4 /* Project object */;
			proxyType = 1;
			remoteGlobalIDString = DEFC7453D4D23BF52EAC2D74;
			remoteInfo = MobileRealmStatus;
		};
/* End PBXContainerItemProxy section */

/* Begin PBXCopyFilesBuildPhase section */
		220570731B12ABA000ADE4B3 /* Carthage Copy Files */ = {
			isa = PBXCopyFilesBuildPhase;
			buildActionMask = 2147483647;
			dstPath = "";
			dstSubfolderSpec = 10;
			files = (
				220570751B12ABB800ADE4B3 /* Quick.framework in Carthage Copy Files */,
				220570741B12ABB200ADE4B3 /* Nimble.framework in Carthage Copy Files */,
			);
			name = "Carthage Copy Files";
			runOnlyForDeploymentPostprocessing = 0;
		};
		2262D02D1B90EC5C00881F3F /* Embed Frameworks */ = {
			isa = PBXCopyFilesBuildPhase;
			buildActionMask = 2147483647;
			dstPath = "";
			dstSubfolderSpec = 10;
			files = (
			);
			name = "Embed Frameworks";
			runOnlyForDeploymentPostprocessing = 0;
		};
		22ADF94C1BA79CD700C7FB18 /* Embed Watch Content */ = {
			isa = PBXCopyFilesBuildPhase;
			buildActionMask = 2147483647;
			dstPath = "$(CONTENTS_FOLDER_PATH)/Watch";
			dstSubfolderSpec = 16;
			files = (
			);
			name = "Embed Watch Content";
			runOnlyForDeploymentPostprocessing = 0;
		};
/* End PBXCopyFilesBuildPhase section */

/* Begin PBXFileReference section */
		221285CC1B097A7E002FA5B5 /* UIfont.swift */ = {isa = PBXFileReference; fileEncoding = 4; lastKnownFileType = sourcecode.swift; path = UIfont.swift; sourceTree = "<group>"; };
		2215F1E21B06E9CC00505FCD /* RealmCell.swift */ = {isa = PBXFileReference; fileEncoding = 4; lastKnownFileType = sourcecode.swift; path = RealmCell.swift; sourceTree = "<group>"; };
		2215F1E51B081CBB00505FCD /* RealmsController.swift */ = {isa = PBXFileReference; fileEncoding = 4; lastKnownFileType = sourcecode.swift; path = RealmsController.swift; sourceTree = "<group>"; };
		22542EB51B0828F700145420 /* FavoriteRealmsController.swift */ = {isa = PBXFileReference; fileEncoding = 4; lastKnownFileType = sourcecode.swift; path = FavoriteRealmsController.swift; sourceTree = "<group>"; };
		225B4AB91B212C7D00C3C3F7 /* RootViewController.swift */ = {isa = PBXFileReference; fileEncoding = 4; lastKnownFileType = sourcecode.swift; path = RootViewController.swift; sourceTree = "<group>"; };
		225B4ABB1B212D6800C3C3F7 /* ApplicationController.swift */ = {isa = PBXFileReference; fileEncoding = 4; lastKnownFileType = sourcecode.swift; path = ApplicationController.swift; sourceTree = "<group>"; };
		2262D0411B90FBB300881F3F /* Cartfile.resolved */ = {isa = PBXFileReference; lastKnownFileType = text; path = Cartfile.resolved; sourceTree = "<group>"; };
		227DCF121B12AA1A00BCE33A /* Argo.framework */ = {isa = PBXFileReference; lastKnownFileType = wrapper.framework; name = Argo.framework; path = Carthage/Build/iOS/Argo.framework; sourceTree = "<group>"; };
		227DCF131B12AA1A00BCE33A /* Box.framework */ = {isa = PBXFileReference; lastKnownFileType = wrapper.framework; name = Box.framework; path = Carthage/Build/iOS/Box.framework; sourceTree = "<group>"; };
		227DCF141B12AA1A00BCE33A /* Runes.framework */ = {isa = PBXFileReference; lastKnownFileType = wrapper.framework; name = Runes.framework; path = Carthage/Build/iOS/Runes.framework; sourceTree = "<group>"; };
		227DCF1A1B12AA8200BCE33A /* Nimble.framework */ = {isa = PBXFileReference; lastKnownFileType = wrapper.framework; name = Nimble.framework; path = Carthage/Build/iOS/Nimble.framework; sourceTree = "<group>"; };
		227DCF1B1B12AA8200BCE33A /* Quick.framework */ = {isa = PBXFileReference; lastKnownFileType = wrapper.framework; name = Quick.framework; path = Carthage/Build/iOS/Quick.framework; sourceTree = "<group>"; };
		229F1DBA1B064C470025CD7B /* FavoritesList.swift */ = {isa = PBXFileReference; fileEncoding = 4; lastKnownFileType = sourcecode.swift; path = FavoritesList.swift; sourceTree = "<group>"; };
		22A270A51B081D6900C28773 /* RealmsDelegate.swift */ = {isa = PBXFileReference; fileEncoding = 4; lastKnownFileType = sourcecode.swift; path = RealmsDelegate.swift; sourceTree = "<group>"; };
		22AEDE8B1B2132150010349A /* EmptyState.xib */ = {isa = PBXFileReference; fileEncoding = 4; lastKnownFileType = file.xib; path = EmptyState.xib; sourceTree = "<group>"; };
		22AEDE8D1B2133140010349A /* EmptyStateViewController.swift */ = {isa = PBXFileReference; fileEncoding = 4; lastKnownFileType = sourcecode.swift; path = EmptyStateViewController.swift; sourceTree = "<group>"; };
		22AEDE8F1B2135060010349A /* UIViewController.swift */ = {isa = PBXFileReference; fileEncoding = 4; lastKnownFileType = sourcecode.swift; path = UIViewController.swift; sourceTree = "<group>"; };
		22AFCBCE1B0FD46D00D6DD6B /* FavoritesListSpec.swift */ = {isa = PBXFileReference; fileEncoding = 4; lastKnownFileType = sourcecode.swift; path = FavoritesListSpec.swift; sourceTree = "<group>"; };
		22AFCBD31B0FD8FE00D6DD6B /* FavoriteRealmsControllerSpec.swift */ = {isa = PBXFileReference; fileEncoding = 4; lastKnownFileType = sourcecode.swift; path = FavoriteRealmsControllerSpec.swift; sourceTree = "<group>"; };
		22AFCBD61B10E49900D6DD6B /* FavoritesManager.swift */ = {isa = PBXFileReference; fileEncoding = 4; lastKnownFileType = sourcecode.swift; path = FavoritesManager.swift; sourceTree = "<group>"; };
		22AFCBD91B10E4E900D6DD6B /* FakeFavoritesManager.swift */ = {isa = PBXFileReference; fileEncoding = 4; lastKnownFileType = sourcecode.swift; path = FakeFavoritesManager.swift; sourceTree = "<group>"; };
		22BBC1971B0F699900DE700D /* FakeRealmsSearchDelegate.swift */ = {isa = PBXFileReference; fileEncoding = 4; lastKnownFileType = sourcecode.swift; path = FakeRealmsSearchDelegate.swift; sourceTree = "<group>"; };
		22BBC1991B0F69A900DE700D /* RealmSearchControllerSpec.swift */ = {isa = PBXFileReference; fileEncoding = 4; lastKnownFileType = sourcecode.swift; path = RealmSearchControllerSpec.swift; sourceTree = "<group>"; };
		22BD75C21B17F6B800AB8E8D /* SVProgressHUD.framework */ = {isa = PBXFileReference; lastKnownFileType = wrapper.framework; name = SVProgressHUD.framework; path = Carthage/Build/iOS/SVProgressHUD.framework; sourceTree = "<group>"; };
		22BD75C51B17F72700AB8E8D /* Bridging-Header.h */ = {isa = PBXFileReference; lastKnownFileType = sourcecode.c.h; path = "Bridging-Header.h"; sourceTree = "<group>"; };
		22C7677F1BD176B800D62EC6 /* Swish.framework */ = {isa = PBXFileReference; lastKnownFileType = wrapper.framework; name = Swish.framework; path = Carthage/Build/iOS/Swish.framework; sourceTree = "<group>"; };
		22C767811BD176D000D62EC6 /* RealmsRequest.swift */ = {isa = PBXFileReference; fileEncoding = 4; lastKnownFileType = sourcecode.swift; path = RealmsRequest.swift; sourceTree = "<group>"; };
		22C767831BD1772000D62EC6 /* Result.framework */ = {isa = PBXFileReference; lastKnownFileType = wrapper.framework; name = Result.framework; path = Carthage/Build/iOS/Result.framework; sourceTree = "<group>"; };
		22E645C21B16B9640023931E /* RealmViewModel.swift */ = {isa = PBXFileReference; fileEncoding = 4; lastKnownFileType = sourcecode.swift; path = RealmViewModel.swift; sourceTree = "<group>"; };
		22E649281B06415000578AFD /* FavoritesViewController.swift */ = {isa = PBXFileReference; fileEncoding = 4; lastKnownFileType = sourcecode.swift; path = FavoritesViewController.swift; sourceTree = "<group>"; };
		22EA7B5E1B8685460092932B /* WoW-Realm-Tracker.entitlements */ = {isa = PBXFileReference; lastKnownFileType = text.xml; path = "WoW-Realm-Tracker.entitlements"; sourceTree = "<group>"; };
		22F5B6E41B08427E008ED648 /* UIWindow.swift */ = {isa = PBXFileReference; fileEncoding = 4; lastKnownFileType = sourcecode.swift; path = UIWindow.swift; sourceTree = "<group>"; };
		22F5B6E61B084305008ED648 /* UIColor.swift */ = {isa = PBXFileReference; fileEncoding = 4; lastKnownFileType = sourcecode.swift; path = UIColor.swift; sourceTree = "<group>"; };
		22F5B6E81B084F65008ED648 /* AppearanceManager.swift */ = {isa = PBXFileReference; fileEncoding = 4; lastKnownFileType = sourcecode.swift; path = AppearanceManager.swift; sourceTree = "<group>"; };
		22F5B6F01B0964CD008ED648 /* RealmsSearchDelegate.swift */ = {isa = PBXFileReference; fileEncoding = 4; lastKnownFileType = sourcecode.swift; path = RealmsSearchDelegate.swift; sourceTree = "<group>"; };
		22F5B6F61B096B39008ED648 /* RealmSearchController.swift */ = {isa = PBXFileReference; fileEncoding = 4; lastKnownFileType = sourcecode.swift; path = RealmSearchController.swift; sourceTree = "<group>"; };
		22F5DFBA1AF86043002F37B1 /* Realm.swift */ = {isa = PBXFileReference; fileEncoding = 4; lastKnownFileType = sourcecode.swift; path = Realm.swift; sourceTree = "<group>"; };
		22F5DFBE1AF860D9002F37B1 /* RealmsTableViewController.swift */ = {isa = PBXFileReference; fileEncoding = 4; lastKnownFileType = sourcecode.swift; path = RealmsTableViewController.swift; sourceTree = "<group>"; };
		2DEA1B840172CD335A108DFF /* UnitTests-Info.plist */ = {isa = PBXFileReference; includeInIndex = 1; lastKnownFileType = text.plist.xml; path = "UnitTests-Info.plist"; sourceTree = "<group>"; };
		398AC603BA841D7117001F7F /* WoW-Realm-Tracker.app */ = {isa = PBXFileReference; explicitFileType = wrapper.application; includeInIndex = 0; path = "WoW-Realm-Tracker.app"; sourceTree = BUILT_PRODUCTS_DIR; };
		4E24E3251A184795B15E78DD /* Settings.bundle */ = {isa = PBXFileReference; includeInIndex = 1; lastKnownFileType = "wrapper.plug-in"; path = Settings.bundle; sourceTree = "<group>"; };
		989B21C2E19A16FBE8218426 /* UnitTests.xctest */ = {isa = PBXFileReference; explicitFileType = wrapper.cfbundle; includeInIndex = 0; path = UnitTests.xctest; sourceTree = BUILT_PRODUCTS_DIR; };
		AA45A1DE3A32AB0568A67266 /* LaunchScreen.xib */ = {isa = PBXFileReference; includeInIndex = 1; lastKnownFileType = file.xib; path = LaunchScreen.xib; sourceTree = "<group>"; };
		AD86D0AEB85DAE73D0513B18 /* Main.storyboard */ = {isa = PBXFileReference; includeInIndex = 1; lastKnownFileType = file.storyboard; path = Main.storyboard; sourceTree = "<group>"; };
		CB33AC4B689E2E3FC87C7696 /* Images.xcassets */ = {isa = PBXFileReference; includeInIndex = 1; lastKnownFileType = folder.assetcatalog; path = Images.xcassets; sourceTree = "<group>"; };
		CFABA4ED8A5CBB54DC232F79 /* Foundation.framework */ = {isa = PBXFileReference; lastKnownFileType = wrapper.framework; name = Foundation.framework; path = Platforms/iPhoneOS.platform/Developer/SDKs/iPhoneOS7.1.sdk/System/Library/Frameworks/Foundation.framework; sourceTree = DEVELOPER_DIR; };
		DE923D29C976A7A3A88BC202 /* Info.plist */ = {isa = PBXFileReference; includeInIndex = 1; lastKnownFileType = text.plist.xml; path = Info.plist; sourceTree = "<group>"; };
		F8C64CF0C9C5FEFC69FD22B5 /* AppDelegate.swift */ = {isa = PBXFileReference; includeInIndex = 1; lastKnownFileType = sourcecode.swift; path = AppDelegate.swift; sourceTree = "<group>"; };
/* End PBXFileReference section */

/* Begin PBXFrameworksBuildPhase section */
		169F4E0582489B275D712CAF /* Frameworks */ = {
			isa = PBXFrameworksBuildPhase;
			buildActionMask = 2147483647;
			files = (
				22C767841BD1772000D62EC6 /* Result.framework in Frameworks */,
				22C767801BD176B800D62EC6 /* Swish.framework in Frameworks */,
				2262D0431B90FBBE00881F3F /* Argo.framework in Frameworks */,
				32D45B7D3468CD1A61B9EEF2 /* Foundation.framework in Frameworks */,
				22BD75C31B17F6B800AB8E8D /* SVProgressHUD.framework in Frameworks */,
				227DCF171B12AA1A00BCE33A /* Runes.framework in Frameworks */,
			);
			runOnlyForDeploymentPostprocessing = 0;
		};
		CA6B7F9A54EFA947F4D6FCE0 /* Frameworks */ = {
			isa = PBXFrameworksBuildPhase;
			buildActionMask = 2147483647;
			files = (
				227DCF1C1B12AA8200BCE33A /* Nimble.framework in Frameworks */,
				227DCF1D1B12AA8200BCE33A /* Quick.framework in Frameworks */,
			);
			runOnlyForDeploymentPostprocessing = 0;
		};
/* End PBXFrameworksBuildPhase section */

/* Begin PBXGroup section */
		0BEC3C3953ABFC63289822F1 /* UnitTests */ = {
			isa = PBXGroup;
			children = (
				22BBC1951B0F693200DE700D /* Fakes */,
				5CAE22206AD42876EC266770 /* Resources */,
				93F35FB60EDABD4F2FC92C13 /* Helpers */,
				835DA964BB3534961244F546 /* Tests */,
			);
			path = UnitTests;
			sourceTree = "<group>";
		};
		1C3EB71259773C769FE61322 /* Nibs */ = {
			isa = PBXGroup;
			children = (
				22AEDE8B1B2132150010349A /* EmptyState.xib */,
				AA45A1DE3A32AB0568A67266 /* LaunchScreen.xib */,
			);
			path = Nibs;
			sourceTree = "<group>";
		};
		2215F1E41B081C8E00505FCD /* ViewControllers */ = {
			isa = PBXGroup;
			children = (
				22F5DFBE1AF860D9002F37B1 /* RealmsTableViewController.swift */,
				22E649281B06415000578AFD /* FavoritesViewController.swift */,
				225B4AB91B212C7D00C3C3F7 /* RootViewController.swift */,
				22AEDE8D1B2133140010349A /* EmptyStateViewController.swift */,
			);
			path = ViewControllers;
			sourceTree = "<group>";
		};
		22AFCBCD1B0FD43300D6DD6B /* Models */ = {
			isa = PBXGroup;
			children = (
				22AFCBCE1B0FD46D00D6DD6B /* FavoritesListSpec.swift */,
			);
			path = Models;
			sourceTree = "<group>";
		};
		22BBC1951B0F693200DE700D /* Fakes */ = {
			isa = PBXGroup;
			children = (
				22AFCBD91B10E4E900D6DD6B /* FakeFavoritesManager.swift */,
				22BBC1971B0F699900DE700D /* FakeRealmsSearchDelegate.swift */,
			);
			path = Fakes;
			sourceTree = "<group>";
		};
		22BBC1961B0F696900DE700D /* Controllers */ = {
			isa = PBXGroup;
			children = (
				22BBC1991B0F69A900DE700D /* RealmSearchControllerSpec.swift */,
				22AFCBD31B0FD8FE00D6DD6B /* FavoriteRealmsControllerSpec.swift */,
			);
			path = Controllers;
			sourceTree = "<group>";
		};
		22E645C41B16BED50023931E /* ViewModels */ = {
			isa = PBXGroup;
			children = (
			);
			path = ViewModels;
			sourceTree = "<group>";
		};
		384C69FC76A0F301055284A0 /* Other-Sources */ = {
			isa = PBXGroup;
			children = (
				DE923D29C976A7A3A88BC202 /* Info.plist */,
				22BD75C51B17F72700AB8E8D /* Bridging-Header.h */,
			);
			path = "Other-Sources";
			sourceTree = "<group>";
		};
		3A3FF739628B3AF9FDD6A27C /* Storyboards */ = {
			isa = PBXGroup;
			children = (
				AD86D0AEB85DAE73D0513B18 /* Main.storyboard */,
			);
			path = Storyboards;
			sourceTree = "<group>";
		};
		3D7DB467A0B8C00B25A8F2BC /* Protocols */ = {
			isa = PBXGroup;
			children = (
				22AFCBD61B10E49900D6DD6B /* FavoritesManager.swift */,
				22A270A51B081D6900C28773 /* RealmsDelegate.swift */,
				22F5B6F01B0964CD008ED648 /* RealmsSearchDelegate.swift */,
			);
			path = Protocols;
			sourceTree = "<group>";
		};
		5CAE22206AD42876EC266770 /* Resources */ = {
			isa = PBXGroup;
			children = (
				2DEA1B840172CD335A108DFF /* UnitTests-Info.plist */,
			);
			path = Resources;
			sourceTree = "<group>";
		};
		5DF07EEC4C064FF45FA6AC9A /* Controllers */ = {
			isa = PBXGroup;
			children = (
				22542EB51B0828F700145420 /* FavoriteRealmsController.swift */,
				2215F1E51B081CBB00505FCD /* RealmsController.swift */,
				F8C64CF0C9C5FEFC69FD22B5 /* AppDelegate.swift */,
				22F5B6F61B096B39008ED648 /* RealmSearchController.swift */,
				225B4ABB1B212D6800C3C3F7 /* ApplicationController.swift */,
			);
			path = Controllers;
			sourceTree = "<group>";
		};
		62A5D87A88931DC8B8D20A47 /* Views */ = {
			isa = PBXGroup;
			children = (
				2215F1E21B06E9CC00505FCD /* RealmCell.swift */,
			);
			path = Views;
			sourceTree = "<group>";
		};
		66BC7AC74B632369188DE46A /* ViewModels */ = {
			isa = PBXGroup;
			children = (
				22E645C21B16B9640023931E /* RealmViewModel.swift */,
			);
			path = ViewModels;
			sourceTree = "<group>";
		};
		73A5FEB5FC06CC60AE4B386E = {
			isa = PBXGroup;
			children = (
				F6222C0B871422E808E3A467 /* WoW-Realm-Tracker */,
				0BEC3C3953ABFC63289822F1 /* UnitTests */,
				A41A601B088521C309710449 /* Frameworks */,
				BDD58F7B903577AE92EB5706 /* Products */,
			);
			indentWidth = 4;
			sourceTree = "<group>";
			tabWidth = 4;
			usesTabs = 0;
		};
		82FEC25C6B73B2CAF543B160 /* Models */ = {
			isa = PBXGroup;
			children = (
				229F1DBA1B064C470025CD7B /* FavoritesList.swift */,
				22F5DFBA1AF86043002F37B1 /* Realm.swift */,
				22F5B6E81B084F65008ED648 /* AppearanceManager.swift */,
				22C767811BD176D000D62EC6 /* RealmsRequest.swift */,
			);
			path = Models;
			sourceTree = "<group>";
		};
		835DA964BB3534961244F546 /* Tests */ = {
			isa = PBXGroup;
			children = (
				22E645C41B16BED50023931E /* ViewModels */,
				22AFCBCD1B0FD43300D6DD6B /* Models */,
				22BBC1961B0F696900DE700D /* Controllers */,
			);
			path = Tests;
			sourceTree = "<group>";
		};
		8A3561FEA902CA669A6EE32F /* Extensions */ = {
			isa = PBXGroup;
			children = (
				22F5B6E41B08427E008ED648 /* UIWindow.swift */,
				22F5B6E61B084305008ED648 /* UIColor.swift */,
				221285CC1B097A7E002FA5B5 /* UIfont.swift */,
				22AEDE8F1B2135060010349A /* UIViewController.swift */,
			);
			path = Extensions;
			sourceTree = "<group>";
		};
		93F35FB60EDABD4F2FC92C13 /* Helpers */ = {
			isa = PBXGroup;
			children = (
			);
			path = Helpers;
			sourceTree = "<group>";
		};
		9B0DA0FCAC33A68F292255EB /* iOS */ = {
			isa = PBXGroup;
			children = (
				CFABA4ED8A5CBB54DC232F79 /* Foundation.framework */,
			);
			name = iOS;
			sourceTree = "<group>";
		};
		A41A601B088521C309710449 /* Frameworks */ = {
			isa = PBXGroup;
			children = (
				22C767831BD1772000D62EC6 /* Result.framework */,
				22C7677F1BD176B800D62EC6 /* Swish.framework */,
				2262D0411B90FBB300881F3F /* Cartfile.resolved */,
				22BD75C21B17F6B800AB8E8D /* SVProgressHUD.framework */,
				227DCF1A1B12AA8200BCE33A /* Nimble.framework */,
				227DCF1B1B12AA8200BCE33A /* Quick.framework */,
				227DCF121B12AA1A00BCE33A /* Argo.framework */,
				227DCF131B12AA1A00BCE33A /* Box.framework */,
				227DCF141B12AA1A00BCE33A /* Runes.framework */,
				9B0DA0FCAC33A68F292255EB /* iOS */,
			);
			name = Frameworks;
			sourceTree = "<group>";
		};
		BDD58F7B903577AE92EB5706 /* Products */ = {
			isa = PBXGroup;
			children = (
				398AC603BA841D7117001F7F /* WoW-Realm-Tracker.app */,
				989B21C2E19A16FBE8218426 /* UnitTests.xctest */,
			);
			name = Products;
			sourceTree = "<group>";
		};
		F6222C0B871422E808E3A467 /* WoW-Realm-Tracker */ = {
			isa = PBXGroup;
			children = (
				22EA7B5E1B8685460092932B /* WoW-Realm-Tracker.entitlements */,
				2215F1E41B081C8E00505FCD /* ViewControllers */,
				8A3561FEA902CA669A6EE32F /* Extensions */,
				3D7DB467A0B8C00B25A8F2BC /* Protocols */,
				82FEC25C6B73B2CAF543B160 /* Models */,
				66BC7AC74B632369188DE46A /* ViewModels */,
				5DF07EEC4C064FF45FA6AC9A /* Controllers */,
				62A5D87A88931DC8B8D20A47 /* Views */,
				F8B173056C55D4A5CDF5CCF7 /* Resources */,
			);
			path = "WoW-Realm-Tracker";
			sourceTree = "<group>";
		};
		F8B173056C55D4A5CDF5CCF7 /* Resources */ = {
			isa = PBXGroup;
			children = (
				CB33AC4B689E2E3FC87C7696 /* Images.xcassets */,
				3A3FF739628B3AF9FDD6A27C /* Storyboards */,
				1C3EB71259773C769FE61322 /* Nibs */,
				384C69FC76A0F301055284A0 /* Other-Sources */,
				4E24E3251A184795B15E78DD /* Settings.bundle */,
			);
			path = Resources;
			sourceTree = "<group>";
		};
/* End PBXGroup section */

/* Begin PBXNativeTarget section */
		5B36AF02D502EA333DFCAF3C /* UnitTests */ = {
			isa = PBXNativeTarget;
			buildConfigurationList = F4ADE3785DB9F2D987B60E9C /* Build configuration list for PBXNativeTarget "UnitTests" */;
			buildPhases = (
				95E4E8C4C11EB4B96B3D4537 /* Sources */,
				CA6B7F9A54EFA947F4D6FCE0 /* Frameworks */,
				7C2CB89CE26C78525C1976AE /* Resources */,
				220570731B12ABA000ADE4B3 /* Carthage Copy Files */,
			);
			buildRules = (
			);
			dependencies = (
				1BF49E01B33A6C26DDA70B38 /* PBXTargetDependency */,
			);
			name = UnitTests;
			productName = UnitTests;
			productReference = 989B21C2E19A16FBE8218426 /* UnitTests.xctest */;
			productType = "com.apple.product-type.bundle.unit-test";
		};
		DEFC7453D4D23BF52EAC2D74 /* WoW-Realm-Tracker */ = {
			isa = PBXNativeTarget;
			buildConfigurationList = 49DA42A1ED610CCCCC9D95E0 /* Build configuration list for PBXNativeTarget "WoW-Realm-Tracker" */;
			buildPhases = (
				32F8C4478C408097422AB12E /* Sources */,
				169F4E0582489B275D712CAF /* Frameworks */,
				666C10C0E488E025CA19D858 /* Resources */,
				EA98BCF702D0E453CAADB6FD /* Warn for TODO and FIXME comments */,
				227DCF191B12AA3C00BCE33A /* Carthage run script */,
				2262D02D1B90EC5C00881F3F /* Embed Frameworks */,
				22ADF94C1BA79CD700C7FB18 /* Embed Watch Content */,
			);
			buildRules = (
			);
			dependencies = (
			);
			name = "WoW-Realm-Tracker";
			productName = MobileRealmStatus;
			productReference = 398AC603BA841D7117001F7F /* WoW-Realm-Tracker.app */;
			productType = "com.apple.product-type.application";
		};
/* End PBXNativeTarget section */

/* Begin PBXProject section */
		1B8E929C09B784520C15DCD4 /* Project object */ = {
			isa = PBXProject;
			attributes = {
				CLASSPREFIX = "";
				LastSwiftMigration = 0710;
				LastSwiftUpdateCheck = 0710;
				LastUpgradeCheck = 0710;
				ORGANIZATIONNAME = dgalarza;
				TargetAttributes = {
					5B36AF02D502EA333DFCAF3C = {
						TestTargetID = DEFC7453D4D23BF52EAC2D74;
					};
					DEFC7453D4D23BF52EAC2D74 = {
						DevelopmentTeam = 25S894MLT3;
						SystemCapabilities = {
							com.apple.ApplicationGroups.iOS = {
								enabled = 1;
							};
						};
					};
				};
			};
			buildConfigurationList = 8935B59F7BC14D1B656CC226 /* Build configuration list for PBXProject "WoW-Realm-Tracker" */;
			compatibilityVersion = "Xcode 3.2";
			developmentRegion = English;
			hasScannedForEncodings = 0;
			knownRegions = (
				en,
				Base,
			);
			mainGroup = 73A5FEB5FC06CC60AE4B386E;
			productRefGroup = BDD58F7B903577AE92EB5706 /* Products */;
			projectDirPath = "";
			projectRoot = "";
			targets = (
				DEFC7453D4D23BF52EAC2D74 /* WoW-Realm-Tracker */,
				5B36AF02D502EA333DFCAF3C /* UnitTests */,
			);
		};
/* End PBXProject section */

/* Begin PBXResourcesBuildPhase section */
		666C10C0E488E025CA19D858 /* Resources */ = {
			isa = PBXResourcesBuildPhase;
			buildActionMask = 2147483647;
			files = (
				10316F86452F2FBCAB95DA31 /* Images.xcassets in Resources */,
				22AEDE8C1B2132150010349A /* EmptyState.xib in Resources */,
				5E9BBDBCCC8573D5B56DFAEC /* Settings.bundle in Resources */,
				22116D4F1BA8611100A6FFD3 /* Main.storyboard in Resources */,
			);
			runOnlyForDeploymentPostprocessing = 0;
		};
		7C2CB89CE26C78525C1976AE /* Resources */ = {
			isa = PBXResourcesBuildPhase;
			buildActionMask = 2147483647;
			files = (
			);
			runOnlyForDeploymentPostprocessing = 0;
		};
/* End PBXResourcesBuildPhase section */

/* Begin PBXShellScriptBuildPhase section */
		227DCF191B12AA3C00BCE33A /* Carthage run script */ = {
			isa = PBXShellScriptBuildPhase;
			buildActionMask = 2147483647;
			files = (
			);
			inputPaths = (
				"$(SRCROOT)/Carthage/Build/iOS/Runes.framework",
				"$(SRCROOT)/Carthage/Build/iOS/SVProgressHUD.framework",
				"$(SRCROOT)/Carthage/Build/iOS/Argo.framework",
				"$(SRCROOT)/Carthage/Build/iOS/Swish.framework",
				"$(SRCROOT)/Carthage/Build/iOS/Result.framework",
			);
			name = "Carthage run script";
			outputPaths = (
			);
			runOnlyForDeploymentPostprocessing = 0;
			shellPath = /bin/sh;
			shellScript = "/usr/local/bin/carthage copy-frameworks";
		};
		EA98BCF702D0E453CAADB6FD /* Warn for TODO and FIXME comments */ = {
			isa = PBXShellScriptBuildPhase;
			buildActionMask = 2147483647;
			files = (
			);
			inputPaths = (
			);
			name = "Warn for TODO and FIXME comments";
			outputPaths = (
			);
			runOnlyForDeploymentPostprocessing = 0;
			shellPath = /bin/sh;
			shellScript = "KEYWORDS=\"TODO:|FIXME:|\\?\\?\\?:|\\!\\!\\!:\"\nFILE_EXTENSIONS=\"swift|h|m|mm|c|cpp\"\nfind -E \"${SRCROOT}\" -ipath \"${SRCROOT}/Carthage\" -o -ipath \"${SRCROOT}/pods\" -prune -o \\( -regex \".*\\.($FILE_EXTENSIONS)$\" \\) -print0 | xargs -0 egrep --with-filename --line-number --only-matching \"($KEYWORDS).*\\$\" | perl -p -e \"s/($KEYWORDS)/ warning: \\$1/\"\n";
		};
/* End PBXShellScriptBuildPhase section */

/* Begin PBXSourcesBuildPhase section */
		32F8C4478C408097422AB12E /* Sources */ = {
			isa = PBXSourcesBuildPhase;
			buildActionMask = 2147483647;
			files = (
				22EB85021BA7C4ED004F2EE8 /* RealmsDelegate.swift in Sources */,
				22F5B6E71B084305008ED648 /* UIColor.swift in Sources */,
				2215F1E31B06E9CC00505FCD /* RealmCell.swift in Sources */,
				22AEDE8E1B2133140010349A /* EmptyStateViewController.swift in Sources */,
				22EB85031BA7C541004F2EE8 /* FavoriteRealmsController.swift in Sources */,
				22F5DFBF1AF860D9002F37B1 /* RealmsTableViewController.swift in Sources */,
				22F5B6E91B084F65008ED648 /* AppearanceManager.swift in Sources */,
				22EB85051BA7C556004F2EE8 /* RealmsController.swift in Sources */,
				A048D804A76A8C487E6C4582 /* AppDelegate.swift in Sources */,
				22F5B6E51B08427E008ED648 /* UIWindow.swift in Sources */,
				225B4ABA1B212C7D00C3C3F7 /* RootViewController.swift in Sources */,
				22EB85071BA7C568004F2EE8 /* FavoritesList.swift in Sources */,
				22EB85001BA7C4D8004F2EE8 /* Realm.swift in Sources */,
				22EB85041BA7C54D004F2EE8 /* FavoritesManager.swift in Sources */,
				22E649291B06415000578AFD /* FavoritesViewController.swift in Sources */,
				225B4ABC1B212D6800C3C3F7 /* ApplicationController.swift in Sources */,
				22AEDE901B2135060010349A /* UIViewController.swift in Sources */,
				22E645C31B16B9640023931E /* RealmViewModel.swift in Sources */,
				221285CD1B097A7E002FA5B5 /* UIfont.swift in Sources */,
				22C767821BD176D000D62EC6 /* RealmsRequest.swift in Sources */,
				22F5B6F11B0964CD008ED648 /* RealmsSearchDelegate.swift in Sources */,
				C750CCFEE2EAB2985A44F9B9 /* LaunchScreen.xib in Sources */,
				22F5B6F71B096B39008ED648 /* RealmSearchController.swift in Sources */,
			);
			runOnlyForDeploymentPostprocessing = 0;
		};
		95E4E8C4C11EB4B96B3D4537 /* Sources */ = {
			isa = PBXSourcesBuildPhase;
			buildActionMask = 2147483647;
			files = (
				227DCF201B12AA9900BCE33A /* RealmSearchControllerSpec.swift in Sources */,
				227DCF1E1B12AA9900BCE33A /* FakeRealmsSearchDelegate.swift in Sources */,
				227DCF221B12AA9900BCE33A /* RealmsSearchDelegate.swift in Sources */,
				227DCF1F1B12AA9900BCE33A /* RealmSearchController.swift in Sources */,
				22EB85011BA7C4D8004F2EE8 /* Realm.swift in Sources */,
				22EB85081BA7C57C004F2EE8 /* FavoriteRealmsController.swift in Sources */,
				22EB85091BA7C58B004F2EE8 /* FavoritesManager.swift in Sources */,
				22E645C71B16BF580023931E /* RealmViewModel.swift in Sources */,
				22A9F9C31B0F6FCC00E3D249 /* UIfont.swift in Sources */,
				22A9F9C21B0F6FC800E3D249 /* UIColor.swift in Sources */,
				22A9F9C11B0F6FBA00E3D249 /* UIWindow.swift in Sources */,
				22EB850A1BA7C593004F2EE8 /* FavoritesList.swift in Sources */,
			);
			runOnlyForDeploymentPostprocessing = 0;
		};
/* End PBXSourcesBuildPhase section */

/* Begin PBXTargetDependency section */
		1BF49E01B33A6C26DDA70B38 /* PBXTargetDependency */ = {
			isa = PBXTargetDependency;
			target = DEFC7453D4D23BF52EAC2D74 /* WoW-Realm-Tracker */;
			targetProxy = 07878A530516F9482F4A1A19 /* PBXContainerItemProxy */;
		};
/* End PBXTargetDependency section */

/* Begin XCBuildConfiguration section */
		3CBA2F3F2C06E94496A8546C /* Debug */ = {
			isa = XCBuildConfiguration;
			buildSettings = {
				BUNDLE_LOADER = "$(TEST_HOST)";
				CLANG_ENABLE_MODULES = YES;
				FRAMEWORK_SEARCH_PATHS = (
					"$(inherited)",
					"$(DEVELOPER_FRAMEWORKS_DIR)",
					"$(PROJECT_DIR)/Carthage/Build/iOS",
				);
				INFOPLIST_FILE = "UnitTests/Resources/UnitTests-Info.plist";
				LD_RUNPATH_SEARCH_PATHS = "$(inherited) @executable_path/Frameworks @loader_path/Frameworks";
				PRODUCT_BUNDLE_IDENTIFIER = "com.dgalarza.${PRODUCT_NAME:rfc1034identifier}";
				PRODUCT_NAME = "$(TARGET_NAME)";
				SDKROOT = iphoneos;
				SKIP_INSTALL = YES;
				SWIFT_OPTIMIZATION_LEVEL = "-Onone";
				TEST_HOST = "$(BUILT_PRODUCTS_DIR)/WoW-Realm-Tracker.app/WoW-Realm-Tracker";
				WRAPPER_EXTENSION = xctest;
			};
			name = Debug;
		};
		75D1F9DDA56649AEC57DBD0B /* Debug */ = {
			isa = XCBuildConfiguration;
			buildSettings = {
				ALWAYS_SEARCH_USER_PATHS = NO;
				ASSETCATALOG_COMPILER_APPICON_NAME = AppIcon;
				CLANG_CXX_LANGUAGE_STANDARD = "gnu++0x";
				CLANG_CXX_LIBRARY = "libc++";
				CLANG_ENABLE_MODULES = YES;
				CLANG_ENABLE_OBJC_ARC = YES;
				CLANG_WARN_BOOL_CONVERSION = YES;
				CLANG_WARN_CONSTANT_CONVERSION = YES;
				CLANG_WARN_DEPRECATED_OBJC_IMPLEMENTATIONS = YES;
				CLANG_WARN_DIRECT_OBJC_ISA_USAGE = YES;
				CLANG_WARN_EMPTY_BODY = YES;
				CLANG_WARN_ENUM_CONVERSION = YES;
				CLANG_WARN_IMPLICIT_SIGN_CONVERSION = YES;
				CLANG_WARN_INT_CONVERSION = YES;
				CLANG_WARN_OBJC_IMPLICIT_RETAIN_SELF = YES;
				CLANG_WARN_OBJC_ROOT_CLASS = YES;
				CLANG_WARN_SUSPICIOUS_IMPLICIT_CONVERSION = YES;
				"CODE_SIGN_IDENTITY[sdk=iphoneos*]" = "iPhone Developer";
				COPY_PHASE_STRIP = YES;
				ENABLE_TESTABILITY = YES;
				GCC_C_LANGUAGE_STANDARD = gnu99;
				GCC_DYNAMIC_NO_PIC = NO;
				GCC_OPTIMIZATION_LEVEL = 0;
				GCC_PREPROCESSOR_DEFINITIONS = (
					"DEBUG=1",
					"$(inherited)",
				);
				GCC_SYMBOLS_PRIVATE_EXTERN = NO;
				GCC_WARN_64_TO_32_BIT_CONVERSION = YES;
				GCC_WARN_ABOUT_DEPRECATED_FUNCTIONS = YES;
				GCC_WARN_ABOUT_MISSING_FIELD_INITIALIZERS = YES;
				GCC_WARN_ABOUT_MISSING_NEWLINE = YES;
				GCC_WARN_ABOUT_RETURN_TYPE = YES;
				GCC_WARN_CHECK_SWITCH_STATEMENTS = YES;
				GCC_WARN_INITIALIZER_NOT_FULLY_BRACKETED = YES;
				GCC_WARN_MISSING_PARENTHESES = YES;
				GCC_WARN_SHADOW = YES;
				GCC_WARN_SIGN_COMPARE = YES;
				GCC_WARN_TYPECHECK_CALLS_TO_PRINTF = YES;
				GCC_WARN_UNDECLARED_SELECTOR = YES;
				GCC_WARN_UNINITIALIZED_AUTOS = YES;
				GCC_WARN_UNUSED_FUNCTION = YES;
				GCC_WARN_UNUSED_LABEL = YES;
				GCC_WARN_UNUSED_VALUE = YES;
				GCC_WARN_UNUSED_VARIABLE = YES;
				INSTALL_PATH = /Applications;
				IPHONEOS_DEPLOYMENT_TARGET = 8.2;
				ONLY_ACTIVE_ARCH = YES;
				RUN_CLANG_STATIC_ANALYZER = YES;
				SDKROOT = iphoneos;
			};
			name = Debug;
		};
		BA0F8B127DB935FA5E40BCB5 /* Release */ = {
			isa = XCBuildConfiguration;
			buildSettings = {
				ALWAYS_SEARCH_USER_PATHS = NO;
				CODE_SIGN_ENTITLEMENTS = "WoW-Realm-Tracker/WoW-Realm-Tracker.entitlements";
				CODE_SIGN_IDENTITY = "iPhone Developer";
				"CODE_SIGN_IDENTITY[sdk=iphoneos*]" = "iPhone Developer";
				COPY_PHASE_STRIP = YES;
				DSTROOT = /tmp/xcodeproj.dst;
				FRAMEWORK_SEARCH_PATHS = (
					"$(inherited)",
					"$(PROJECT_DIR)/Carthage/Build/iOS",
				);
				GCC_PRECOMPILE_PREFIX_HEADER = YES;
				GCC_TREAT_WARNINGS_AS_ERRORS = YES;
				INFOPLIST_FILE = "$(SRCROOT)/WoW-Realm-Tracker/Resources/Other-Sources/Info.plist";
				INSTALL_PATH = /Applications;
				IPHONEOS_DEPLOYMENT_TARGET = 9.0;
				LD_RUNPATH_SEARCH_PATHS = "$(inherited) @executable_path/Frameworks";
				OTHER_CFLAGS = (
					"-DNS_BLOCK_ASSERTIONS=1",
					"$(inherited)",
				);
				OTHER_CPLUSPLUSFLAGS = (
					"-DNS_BLOCK_ASSERTIONS=1",
					"$(inherited)",
				);
				PRODUCT_BUNDLE_IDENTIFIER = "com.damiangalarza.WoW-Realm-Tracker";
				PRODUCT_NAME = "WoW-Realm-Tracker";
				PROVISIONING_PROFILE = "";
				PUBLIC_HEADERS_FOLDER_PATH = "$(TARGET_NAME)";
				SDKROOT = iphoneos;
				SWIFT_OBJC_BRIDGING_HEADER = "WoW-Realm-Tracker/Resources/Other-Sources/Bridging-Header.h";
				VALIDATE_PRODUCT = YES;
			};
			name = Release;
		};
		C37B74B0D09C1EF8E551ABAB /* Release */ = {
			isa = XCBuildConfiguration;
			buildSettings = {
				BUNDLE_LOADER = "$(TEST_HOST)";
				CLANG_ENABLE_MODULES = YES;
				FRAMEWORK_SEARCH_PATHS = (
					"$(inherited)",
					"$(DEVELOPER_FRAMEWORKS_DIR)",
					"$(PROJECT_DIR)/Carthage/Build/iOS",
				);
				INFOPLIST_FILE = "UnitTests/Resources/UnitTests-Info.plist";
				LD_RUNPATH_SEARCH_PATHS = "$(inherited) @executable_path/Frameworks @loader_path/Frameworks";
				PRODUCT_BUNDLE_IDENTIFIER = "com.dgalarza.${PRODUCT_NAME:rfc1034identifier}";
				PRODUCT_NAME = "$(TARGET_NAME)";
				SDKROOT = iphoneos;
				SKIP_INSTALL = YES;
				TEST_HOST = "$(BUILT_PRODUCTS_DIR)/WoW-Realm-Tracker.app/WoW-Realm-Tracker";
				WRAPPER_EXTENSION = xctest;
			};
			name = Release;
		};
		CFD268682A6AD99F142EA8C3 /* Release */ = {
			isa = XCBuildConfiguration;
			buildSettings = {
				ALWAYS_SEARCH_USER_PATHS = NO;
				ASSETCATALOG_COMPILER_APPICON_NAME = AppIcon;
				CLANG_CXX_LANGUAGE_STANDARD = "gnu++0x";
				CLANG_CXX_LIBRARY = "libc++";
				CLANG_ENABLE_MODULES = YES;
				CLANG_ENABLE_OBJC_ARC = YES;
				CLANG_WARN_BOOL_CONVERSION = YES;
				CLANG_WARN_CONSTANT_CONVERSION = YES;
				CLANG_WARN_DEPRECATED_OBJC_IMPLEMENTATIONS = YES;
				CLANG_WARN_DIRECT_OBJC_ISA_USAGE = YES;
				CLANG_WARN_EMPTY_BODY = YES;
				CLANG_WARN_ENUM_CONVERSION = YES;
				CLANG_WARN_IMPLICIT_SIGN_CONVERSION = YES;
				CLANG_WARN_INT_CONVERSION = YES;
				CLANG_WARN_OBJC_IMPLICIT_RETAIN_SELF = YES;
				CLANG_WARN_OBJC_ROOT_CLASS = YES;
				CLANG_WARN_SUSPICIOUS_IMPLICIT_CONVERSION = YES;
				"CODE_SIGN_IDENTITY[sdk=iphoneos*]" = "iPhone Developer";
				COPY_PHASE_STRIP = NO;
				ENABLE_NS_ASSERTIONS = NO;
				GCC_C_LANGUAGE_STANDARD = gnu99;
				GCC_WARN_64_TO_32_BIT_CONVERSION = YES;
				GCC_WARN_ABOUT_DEPRECATED_FUNCTIONS = YES;
				GCC_WARN_ABOUT_MISSING_FIELD_INITIALIZERS = YES;
				GCC_WARN_ABOUT_MISSING_NEWLINE = YES;
				GCC_WARN_ABOUT_RETURN_TYPE = YES;
				GCC_WARN_CHECK_SWITCH_STATEMENTS = YES;
				GCC_WARN_INITIALIZER_NOT_FULLY_BRACKETED = YES;
				GCC_WARN_MISSING_PARENTHESES = YES;
				GCC_WARN_SHADOW = YES;
				GCC_WARN_SIGN_COMPARE = YES;
				GCC_WARN_TYPECHECK_CALLS_TO_PRINTF = YES;
				GCC_WARN_UNDECLARED_SELECTOR = YES;
				GCC_WARN_UNINITIALIZED_AUTOS = YES;
				GCC_WARN_UNUSED_FUNCTION = YES;
				GCC_WARN_UNUSED_LABEL = YES;
				GCC_WARN_UNUSED_VALUE = YES;
				GCC_WARN_UNUSED_VARIABLE = YES;
				INSTALL_PATH = /Applications;
				IPHONEOS_DEPLOYMENT_TARGET = 8.2;
				RUN_CLANG_STATIC_ANALYZER = YES;
				SDKROOT = iphoneos;
				VALIDATE_PRODUCT = YES;
			};
			name = Release;
		};
		EC4B627FF33E42D17FDFB6DD /* Debug */ = {
			isa = XCBuildConfiguration;
			buildSettings = {
				ALWAYS_SEARCH_USER_PATHS = NO;
				CODE_SIGN_ENTITLEMENTS = "WoW-Realm-Tracker/WoW-Realm-Tracker.entitlements";
				CODE_SIGN_IDENTITY = "iPhone Developer";
				"CODE_SIGN_IDENTITY[sdk=iphoneos*]" = "iPhone Developer";
				COPY_PHASE_STRIP = NO;
				DSTROOT = /tmp/xcodeproj.dst;
				FRAMEWORK_SEARCH_PATHS = (
					"$(inherited)",
					"$(PROJECT_DIR)/Carthage/Build/iOS",
				);
				GCC_DYNAMIC_NO_PIC = NO;
				GCC_OPTIMIZATION_LEVEL = 0;
				GCC_PRECOMPILE_PREFIX_HEADER = YES;
				GCC_PREPROCESSOR_DEFINITIONS = (
					"DEBUG=1",
					"$(inherited)",
				);
				GCC_SYMBOLS_PRIVATE_EXTERN = NO;
				INFOPLIST_FILE = "$(SRCROOT)/WoW-Realm-Tracker/Resources/Other-Sources/Info.plist";
				INSTALL_PATH = /Applications;
				IPHONEOS_DEPLOYMENT_TARGET = 9.0;
				LD_RUNPATH_SEARCH_PATHS = "$(inherited) @executable_path/Frameworks";
				PRODUCT_BUNDLE_IDENTIFIER = "com.damiangalarza.WoW-Realm-Tracker";
				PRODUCT_NAME = "WoW-Realm-Tracker";
				PROVISIONING_PROFILE = "";
				PUBLIC_HEADERS_FOLDER_PATH = "$(TARGET_NAME)";
				SDKROOT = iphoneos;
				SWIFT_OBJC_BRIDGING_HEADER = "WoW-Realm-Tracker/Resources/Other-Sources/Bridging-Header.h";
			};
			name = Debug;
		};
/* End XCBuildConfiguration section */

/* Begin XCConfigurationList section */
		49DA42A1ED610CCCCC9D95E0 /* Build configuration list for PBXNativeTarget "WoW-Realm-Tracker" */ = {
			isa = XCConfigurationList;
			buildConfigurations = (
				BA0F8B127DB935FA5E40BCB5 /* Release */,
				EC4B627FF33E42D17FDFB6DD /* Debug */,
			);
			defaultConfigurationIsVisible = 0;
			defaultConfigurationName = Release;
		};
		8935B59F7BC14D1B656CC226 /* Build configuration list for PBXProject "WoW-Realm-Tracker" */ = {
			isa = XCConfigurationList;
			buildConfigurations = (
				75D1F9DDA56649AEC57DBD0B /* Debug */,
				CFD268682A6AD99F142EA8C3 /* Release */,
			);
			defaultConfigurationIsVisible = 0;
			defaultConfigurationName = Release;
		};
		F4ADE3785DB9F2D987B60E9C /* Build configuration list for PBXNativeTarget "UnitTests" */ = {
			isa = XCConfigurationList;
			buildConfigurations = (
				C37B74B0D09C1EF8E551ABAB /* Release */,
				3CBA2F3F2C06E94496A8546C /* Debug */,
			);
			defaultConfigurationIsVisible = 0;
			defaultConfigurationName = Release;
		};
/* End XCConfigurationList section */
	};
	rootObject = 1B8E929C09B784520C15DCD4 /* Project object */;
}
